
Microsoft Visual Studio Solution File, Format Version 12.00
# Visual Studio Version 17
VisualStudioVersion = 17.5.33424.131
MinimumVisualStudioVersion = 10.0.40219.1
Project("{8BC9CEB8-8B4A-11D0-8D11-00A0C91BC942}") = "Project1", "Project1\Project1.vcxproj", "{30AE36B7-600F-48DC-9F8C-259EA3B0A8AB}"
EndProject
Project("{8BC9CEB8-8B4A-11D0-8D11-00A0C91BC942}") = "Training01", "Training01\Training01.vcxproj", "{9EC61695-1F35-4FE3-B062-F9694FB84496}"
EndProject
Project("{8BC9CEB8-8B4A-11D0-8D11-00A0C91BC942}") = "Training02", "Training02\Training02.vcxproj", "{63AEF3D2-9D6D-41D5-9746-62AF3A7F3C05}"
EndProject
Project("{8BC9CEB8-8B4A-11D0-8D11-00A0C91BC942}") = "Training03", "Training03\Training03.vcxproj", "{44E658B3-402A-488D-81DA-7D8E1AE0805A}"
EndProject
Project("{8BC9CEB8-8B4A-11D0-8D11-00A0C91BC942}") = "Training04", "Training04\Training04.vcxproj", "{054EBAF5-6B26-4EBA-9A01-73EBB910021E}"
EndProject
Project("{8BC9CEB8-8B4A-11D0-8D11-00A0C91BC942}") = "Training05", "Training05\Training05.vcxproj", "{3BD6EB52-172F-474D-8E77-98039C6A831B}"
EndProject
Project("{8BC9CEB8-8B4A-11D0-8D11-00A0C91BC942}") = "Training06", "Training06\Training06.vcxproj", "{C80E6504-4FE2-4B72-AA8E-D41587F82054}"
EndProject
Project("{8BC9CEB8-8B4A-11D0-8D11-00A0C91BC942}") = "Training07", "Training07\Training07.vcxproj", "{5D725CBA-27E0-424B-BA01-7C1A85B1FF15}"
EndProject
Project("{8BC9CEB8-8B4A-11D0-8D11-00A0C91BC942}") = "Training08", "Training08\Training08.vcxproj", "{B5975ADF-8DEA-4183-852E-58C47B431404}"
EndProject
Project("{8BC9CEB8-8B4A-11D0-8D11-00A0C91BC942}") = "Training09", "Training09\Training09.vcxproj", "{F57F7D14-1465-4C93-8922-D52A4B53A77E}"
EndProject
Project("{8BC9CEB8-8B4A-11D0-8D11-00A0C91BC942}") = "Training10", "Training10\Training10.vcxproj", "{01CD32F5-3E8E-43DC-A4D1-96A03D18BE75}"
EndProject
Project("{8BC9CEB8-8B4A-11D0-8D11-00A0C91BC942}") = "Training11", "Training11\Training11.vcxproj", "{19A3A78E-E39F-4A08-B076-F2831F539AE8}"
EndProject
Project("{8BC9CEB8-8B4A-11D0-8D11-00A0C91BC942}") = "Training12", "Training12\Training12.vcxproj", "{3014DBD0-445C-46DC-94A0-56DD212FBF58}"
EndProject
Project("{8BC9CEB8-8B4A-11D0-8D11-00A0C91BC942}") = "Training13", "Training13\Training13.vcxproj", "{E200CCF6-8665-41A3-BFF0-1750F90E6F8A}"
EndProject
Project("{8BC9CEB8-8B4A-11D0-8D11-00A0C91BC942}") = "Training14", "Training14\Training14.vcxproj", "{EDBD2B09-ABEC-4208-8F50-A0B784C66293}"
EndProject
Project("{8BC9CEB8-8B4A-11D0-8D11-00A0C91BC942}") = "Training15", "Training15\Training15.vcxproj", "{9D8DBF7F-3D5D-4D8F-B956-6B7FD5347E1D}"
EndProject
Project("{8BC9CEB8-8B4A-11D0-8D11-00A0C91BC942}") = "Training16", "Training16\Training16.vcxproj", "{9400E568-91D9-4AD4-BF4D-D37A9DE9918D}"
EndProject
Project("{8BC9CEB8-8B4A-11D0-8D11-00A0C91BC942}") = "Training17", "Training17\Training17.vcxproj", "{61DF0A63-6700-4A08-8401-9F50E06B0DFA}"
EndProject
Project("{8BC9CEB8-8B4A-11D0-8D11-00A0C91BC942}") = "Training18", "Training18\Training18.vcxproj", "{5D49FA7D-80B3-4DEC-8CA1-538295A8F173}"
EndProject
Project("{8BC9CEB8-8B4A-11D0-8D11-00A0C91BC942}") = "Training19", "Training19\Training19.vcxproj", "{B5C1236A-A737-4475-852E-193D6CF94159}"
EndProject
Project("{8BC9CEB8-8B4A-11D0-8D11-00A0C91BC942}") = "Training20", "Training20\Training20.vcxproj", "{562A4F54-DB78-4767-B306-930A7BD0DB71}"
EndProject
Project("{8BC9CEB8-8B4A-11D0-8D11-00A0C91BC942}") = "Training21", "Training21\Training21.vcxproj", "{52F6CC7F-2EC4-4F7D-B5FE-A6D1F2E68E6F}"
EndProject
Project("{8BC9CEB8-8B4A-11D0-8D11-00A0C91BC942}") = "LabProject", "LabProject\LabProject.vcxproj", "{A2F996B3-1FBD-4E82-9492-CC000771477B}"
EndProject
Project("{8BC9CEB8-8B4A-11D0-8D11-00A0C91BC942}") = "Training22", "Training22\Training22.vcxproj", "{1CD308C1-317F-48B0-B3A7-BDD9135BB27A}"
EndProject
Project("{8BC9CEB8-8B4A-11D0-8D11-00A0C91BC942}") = "Training23", "Training23\Training23.vcxproj", "{3EC18310-6248-48C4-9F8A-0E54A6FE3CD1}"
EndProject
Project("{8BC9CEB8-8B4A-11D0-8D11-00A0C91BC942}") = "Training24", "Training24\Training24.vcxproj", "{E7D8CC98-79DC-4C27-8DE8-A04D436096C7}"
EndProject
Project("{8BC9CEB8-8B4A-11D0-8D11-00A0C91BC942}") = "Training25", "Training25\Training25.vcxproj", "{FFC6A913-14CC-4985-96E3-A7572C463333}"
EndProject
Global
	GlobalSection(SolutionConfigurationPlatforms) = preSolution
		Debug|x64 = Debug|x64
		Debug|x86 = Debug|x86
		Release|x64 = Release|x64
		Release|x86 = Release|x86
	EndGlobalSection
	GlobalSection(ProjectConfigurationPlatforms) = postSolution
		{30AE36B7-600F-48DC-9F8C-259EA3B0A8AB}.Debug|x64.ActiveCfg = Debug|x64
		{30AE36B7-600F-48DC-9F8C-259EA3B0A8AB}.Debug|x64.Build.0 = Debug|x64
		{30AE36B7-600F-48DC-9F8C-259EA3B0A8AB}.Debug|x86.ActiveCfg = Debug|Win32
		{30AE36B7-600F-48DC-9F8C-259EA3B0A8AB}.Debug|x86.Build.0 = Debug|Win32
		{30AE36B7-600F-48DC-9F8C-259EA3B0A8AB}.Release|x64.ActiveCfg = Release|x64
		{30AE36B7-600F-48DC-9F8C-259EA3B0A8AB}.Release|x64.Build.0 = Release|x64
		{30AE36B7-600F-48DC-9F8C-259EA3B0A8AB}.Release|x86.ActiveCfg = Release|Win32
		{30AE36B7-600F-48DC-9F8C-259EA3B0A8AB}.Release|x86.Build.0 = Release|Win32
		{9EC61695-1F35-4FE3-B062-F9694FB84496}.Debug|x64.ActiveCfg = Debug|x64
		{9EC61695-1F35-4FE3-B062-F9694FB84496}.Debug|x64.Build.0 = Debug|x64
		{9EC61695-1F35-4FE3-B062-F9694FB84496}.Debug|x86.ActiveCfg = Debug|Win32
		{9EC61695-1F35-4FE3-B062-F9694FB84496}.Debug|x86.Build.0 = Debug|Win32
		{9EC61695-1F35-4FE3-B062-F9694FB84496}.Release|x64.ActiveCfg = Release|x64
		{9EC61695-1F35-4FE3-B062-F9694FB84496}.Release|x64.Build.0 = Release|x64
		{9EC61695-1F35-4FE3-B062-F9694FB84496}.Release|x86.ActiveCfg = Release|Win32
		{9EC61695-1F35-4FE3-B062-F9694FB84496}.Release|x86.Build.0 = Release|Win32
		{63AEF3D2-9D6D-41D5-9746-62AF3A7F3C05}.Debug|x64.ActiveCfg = Debug|x64
		{63AEF3D2-9D6D-41D5-9746-62AF3A7F3C05}.Debug|x64.Build.0 = Debug|x64
		{63AEF3D2-9D6D-41D5-9746-62AF3A7F3C05}.Debug|x86.ActiveCfg = Debug|Win32
		{63AEF3D2-9D6D-41D5-9746-62AF3A7F3C05}.Debug|x86.Build.0 = Debug|Win32
		{63AEF3D2-9D6D-41D5-9746-62AF3A7F3C05}.Release|x64.ActiveCfg = Release|x64
		{63AEF3D2-9D6D-41D5-9746-62AF3A7F3C05}.Release|x64.Build.0 = Release|x64
		{63AEF3D2-9D6D-41D5-9746-62AF3A7F3C05}.Release|x86.ActiveCfg = Release|Win32
		{63AEF3D2-9D6D-41D5-9746-62AF3A7F3C05}.Release|x86.Build.0 = Release|Win32
		{44E658B3-402A-488D-81DA-7D8E1AE0805A}.Debug|x64.ActiveCfg = Debug|x64
		{44E658B3-402A-488D-81DA-7D8E1AE0805A}.Debug|x64.Build.0 = Debug|x64
		{44E658B3-402A-488D-81DA-7D8E1AE0805A}.Debug|x86.ActiveCfg = Debug|Win32
		{44E658B3-402A-488D-81DA-7D8E1AE0805A}.Debug|x86.Build.0 = Debug|Win32
		{44E658B3-402A-488D-81DA-7D8E1AE0805A}.Release|x64.ActiveCfg = Release|x64
		{44E658B3-402A-488D-81DA-7D8E1AE0805A}.Release|x64.Build.0 = Release|x64
		{44E658B3-402A-488D-81DA-7D8E1AE0805A}.Release|x86.ActiveCfg = Release|Win32
		{44E658B3-402A-488D-81DA-7D8E1AE0805A}.Release|x86.Build.0 = Release|Win32
		{054EBAF5-6B26-4EBA-9A01-73EBB910021E}.Debug|x64.ActiveCfg = Debug|x64
		{054EBAF5-6B26-4EBA-9A01-73EBB910021E}.Debug|x64.Build.0 = Debug|x64
		{054EBAF5-6B26-4EBA-9A01-73EBB910021E}.Debug|x86.ActiveCfg = Debug|Win32
		{054EBAF5-6B26-4EBA-9A01-73EBB910021E}.Debug|x86.Build.0 = Debug|Win32
		{054EBAF5-6B26-4EBA-9A01-73EBB910021E}.Release|x64.ActiveCfg = Release|x64
		{054EBAF5-6B26-4EBA-9A01-73EBB910021E}.Release|x64.Build.0 = Release|x64
		{054EBAF5-6B26-4EBA-9A01-73EBB910021E}.Release|x86.ActiveCfg = Release|Win32
		{054EBAF5-6B26-4EBA-9A01-73EBB910021E}.Release|x86.Build.0 = Release|Win32
		{3BD6EB52-172F-474D-8E77-98039C6A831B}.Debug|x64.ActiveCfg = Debug|x64
		{3BD6EB52-172F-474D-8E77-98039C6A831B}.Debug|x64.Build.0 = Debug|x64
		{3BD6EB52-172F-474D-8E77-98039C6A831B}.Debug|x86.ActiveCfg = Debug|Win32
		{3BD6EB52-172F-474D-8E77-98039C6A831B}.Debug|x86.Build.0 = Debug|Win32
		{3BD6EB52-172F-474D-8E77-98039C6A831B}.Release|x64.ActiveCfg = Release|x64
		{3BD6EB52-172F-474D-8E77-98039C6A831B}.Release|x64.Build.0 = Release|x64
		{3BD6EB52-172F-474D-8E77-98039C6A831B}.Release|x86.ActiveCfg = Release|Win32
		{3BD6EB52-172F-474D-8E77-98039C6A831B}.Release|x86.Build.0 = Release|Win32
		{C80E6504-4FE2-4B72-AA8E-D41587F82054}.Debug|x64.ActiveCfg = Debug|x64
		{C80E6504-4FE2-4B72-AA8E-D41587F82054}.Debug|x64.Build.0 = Debug|x64
		{C80E6504-4FE2-4B72-AA8E-D41587F82054}.Debug|x86.ActiveCfg = Debug|Win32
		{C80E6504-4FE2-4B72-AA8E-D41587F82054}.Debug|x86.Build.0 = Debug|Win32
		{C80E6504-4FE2-4B72-AA8E-D41587F82054}.Release|x64.ActiveCfg = Release|x64
		{C80E6504-4FE2-4B72-AA8E-D41587F82054}.Release|x64.Build.0 = Release|x64
		{C80E6504-4FE2-4B72-AA8E-D41587F82054}.Release|x86.ActiveCfg = Release|Win32
		{C80E6504-4FE2-4B72-AA8E-D41587F82054}.Release|x86.Build.0 = Release|Win32
		{5D725CBA-27E0-424B-BA01-7C1A85B1FF15}.Debug|x64.ActiveCfg = Debug|x64
		{5D725CBA-27E0-424B-BA01-7C1A85B1FF15}.Debug|x64.Build.0 = Debug|x64
		{5D725CBA-27E0-424B-BA01-7C1A85B1FF15}.Debug|x86.ActiveCfg = Debug|Win32
		{5D725CBA-27E0-424B-BA01-7C1A85B1FF15}.Debug|x86.Build.0 = Debug|Win32
		{5D725CBA-27E0-424B-BA01-7C1A85B1FF15}.Release|x64.ActiveCfg = Release|x64
		{5D725CBA-27E0-424B-BA01-7C1A85B1FF15}.Release|x64.Build.0 = Release|x64
		{5D725CBA-27E0-424B-BA01-7C1A85B1FF15}.Release|x86.ActiveCfg = Release|Win32
		{5D725CBA-27E0-424B-BA01-7C1A85B1FF15}.Release|x86.Build.0 = Release|Win32
		{B5975ADF-8DEA-4183-852E-58C47B431404}.Debug|x64.ActiveCfg = Debug|x64
		{B5975ADF-8DEA-4183-852E-58C47B431404}.Debug|x64.Build.0 = Debug|x64
		{B5975ADF-8DEA-4183-852E-58C47B431404}.Debug|x86.ActiveCfg = Debug|Win32
		{B5975ADF-8DEA-4183-852E-58C47B431404}.Debug|x86.Build.0 = Debug|Win32
		{B5975ADF-8DEA-4183-852E-58C47B431404}.Release|x64.ActiveCfg = Release|x64
		{B5975ADF-8DEA-4183-852E-58C47B431404}.Release|x64.Build.0 = Release|x64
		{B5975ADF-8DEA-4183-852E-58C47B431404}.Release|x86.ActiveCfg = Release|Win32
		{B5975ADF-8DEA-4183-852E-58C47B431404}.Release|x86.Build.0 = Release|Win32
		{F57F7D14-1465-4C93-8922-D52A4B53A77E}.Debug|x64.ActiveCfg = Debug|x64
		{F57F7D14-1465-4C93-8922-D52A4B53A77E}.Debug|x64.Build.0 = Debug|x64
		{F57F7D14-1465-4C93-8922-D52A4B53A77E}.Debug|x86.ActiveCfg = Debug|Win32
		{F57F7D14-1465-4C93-8922-D52A4B53A77E}.Debug|x86.Build.0 = Debug|Win32
		{F57F7D14-1465-4C93-8922-D52A4B53A77E}.Release|x64.ActiveCfg = Release|x64
		{F57F7D14-1465-4C93-8922-D52A4B53A77E}.Release|x64.Build.0 = Release|x64
		{F57F7D14-1465-4C93-8922-D52A4B53A77E}.Release|x86.ActiveCfg = Release|Win32
		{F57F7D14-1465-4C93-8922-D52A4B53A77E}.Release|x86.Build.0 = Release|Win32
		{01CD32F5-3E8E-43DC-A4D1-96A03D18BE75}.Debug|x64.ActiveCfg = Debug|x64
		{01CD32F5-3E8E-43DC-A4D1-96A03D18BE75}.Debug|x64.Build.0 = Debug|x64
		{01CD32F5-3E8E-43DC-A4D1-96A03D18BE75}.Debug|x86.ActiveCfg = Debug|Win32
		{01CD32F5-3E8E-43DC-A4D1-96A03D18BE75}.Debug|x86.Build.0 = Debug|Win32
		{01CD32F5-3E8E-43DC-A4D1-96A03D18BE75}.Release|x64.ActiveCfg = Release|x64
		{01CD32F5-3E8E-43DC-A4D1-96A03D18BE75}.Release|x64.Build.0 = Release|x64
		{01CD32F5-3E8E-43DC-A4D1-96A03D18BE75}.Release|x86.ActiveCfg = Release|Win32
		{01CD32F5-3E8E-43DC-A4D1-96A03D18BE75}.Release|x86.Build.0 = Release|Win32
		{19A3A78E-E39F-4A08-B076-F2831F539AE8}.Debug|x64.ActiveCfg = Debug|x64
		{19A3A78E-E39F-4A08-B076-F2831F539AE8}.Debug|x64.Build.0 = Debug|x64
		{19A3A78E-E39F-4A08-B076-F2831F539AE8}.Debug|x86.ActiveCfg = Debug|Win32
		{19A3A78E-E39F-4A08-B076-F2831F539AE8}.Debug|x86.Build.0 = Debug|Win32
		{19A3A78E-E39F-4A08-B076-F2831F539AE8}.Release|x64.ActiveCfg = Release|x64
		{19A3A78E-E39F-4A08-B076-F2831F539AE8}.Release|x64.Build.0 = Release|x64
		{19A3A78E-E39F-4A08-B076-F2831F539AE8}.Release|x86.ActiveCfg = Release|Win32
		{19A3A78E-E39F-4A08-B076-F2831F539AE8}.Release|x86.Build.0 = Release|Win32
		{3014DBD0-445C-46DC-94A0-56DD212FBF58}.Debug|x64.ActiveCfg = Debug|x64
		{3014DBD0-445C-46DC-94A0-56DD212FBF58}.Debug|x64.Build.0 = Debug|x64
		{3014DBD0-445C-46DC-94A0-56DD212FBF58}.Debug|x86.ActiveCfg = Debug|Win32
		{3014DBD0-445C-46DC-94A0-56DD212FBF58}.Debug|x86.Build.0 = Debug|Win32
		{3014DBD0-445C-46DC-94A0-56DD212FBF58}.Release|x64.ActiveCfg = Release|x64
		{3014DBD0-445C-46DC-94A0-56DD212FBF58}.Release|x64.Build.0 = Release|x64
		{3014DBD0-445C-46DC-94A0-56DD212FBF58}.Release|x86.ActiveCfg = Release|Win32
		{3014DBD0-445C-46DC-94A0-56DD212FBF58}.Release|x86.Build.0 = Release|Win32
		{E200CCF6-8665-41A3-BFF0-1750F90E6F8A}.Debug|x64.ActiveCfg = Debug|x64
		{E200CCF6-8665-41A3-BFF0-1750F90E6F8A}.Debug|x64.Build.0 = Debug|x64
		{E200CCF6-8665-41A3-BFF0-1750F90E6F8A}.Debug|x86.ActiveCfg = Debug|Win32
		{E200CCF6-8665-41A3-BFF0-1750F90E6F8A}.Debug|x86.Build.0 = Debug|Win32
		{E200CCF6-8665-41A3-BFF0-1750F90E6F8A}.Release|x64.ActiveCfg = Release|x64
		{E200CCF6-8665-41A3-BFF0-1750F90E6F8A}.Release|x64.Build.0 = Release|x64
		{E200CCF6-8665-41A3-BFF0-1750F90E6F8A}.Release|x86.ActiveCfg = Release|Win32
		{E200CCF6-8665-41A3-BFF0-1750F90E6F8A}.Release|x86.Build.0 = Release|Win32
		{EDBD2B09-ABEC-4208-8F50-A0B784C66293}.Debug|x64.ActiveCfg = Debug|x64
		{EDBD2B09-ABEC-4208-8F50-A0B784C66293}.Debug|x64.Build.0 = Debug|x64
		{EDBD2B09-ABEC-4208-8F50-A0B784C66293}.Debug|x86.ActiveCfg = Debug|Win32
		{EDBD2B09-ABEC-4208-8F50-A0B784C66293}.Debug|x86.Build.0 = Debug|Win32
		{EDBD2B09-ABEC-4208-8F50-A0B784C66293}.Release|x64.ActiveCfg = Release|x64
		{EDBD2B09-ABEC-4208-8F50-A0B784C66293}.Release|x64.Build.0 = Release|x64
		{EDBD2B09-ABEC-4208-8F50-A0B784C66293}.Release|x86.ActiveCfg = Release|Win32
		{EDBD2B09-ABEC-4208-8F50-A0B784C66293}.Release|x86.Build.0 = Release|Win32
		{9D8DBF7F-3D5D-4D8F-B956-6B7FD5347E1D}.Debug|x64.ActiveCfg = Debug|x64
		{9D8DBF7F-3D5D-4D8F-B956-6B7FD5347E1D}.Debug|x64.Build.0 = Debug|x64
		{9D8DBF7F-3D5D-4D8F-B956-6B7FD5347E1D}.Debug|x86.ActiveCfg = Debug|Win32
		{9D8DBF7F-3D5D-4D8F-B956-6B7FD5347E1D}.Debug|x86.Build.0 = Debug|Win32
		{9D8DBF7F-3D5D-4D8F-B956-6B7FD5347E1D}.Release|x64.ActiveCfg = Release|x64
		{9D8DBF7F-3D5D-4D8F-B956-6B7FD5347E1D}.Release|x64.Build.0 = Release|x64
		{9D8DBF7F-3D5D-4D8F-B956-6B7FD5347E1D}.Release|x86.ActiveCfg = Release|Win32
		{9D8DBF7F-3D5D-4D8F-B956-6B7FD5347E1D}.Release|x86.Build.0 = Release|Win32
		{9400E568-91D9-4AD4-BF4D-D37A9DE9918D}.Debug|x64.ActiveCfg = Debug|x64
		{9400E568-91D9-4AD4-BF4D-D37A9DE9918D}.Debug|x64.Build.0 = Debug|x64
		{9400E568-91D9-4AD4-BF4D-D37A9DE9918D}.Debug|x86.ActiveCfg = Debug|Win32
		{9400E568-91D9-4AD4-BF4D-D37A9DE9918D}.Debug|x86.Build.0 = Debug|Win32
		{9400E568-91D9-4AD4-BF4D-D37A9DE9918D}.Release|x64.ActiveCfg = Release|x64
		{9400E568-91D9-4AD4-BF4D-D37A9DE9918D}.Release|x64.Build.0 = Release|x64
		{9400E568-91D9-4AD4-BF4D-D37A9DE9918D}.Release|x86.ActiveCfg = Release|Win32
		{9400E568-91D9-4AD4-BF4D-D37A9DE9918D}.Release|x86.Build.0 = Release|Win32
		{61DF0A63-6700-4A08-8401-9F50E06B0DFA}.Debug|x64.ActiveCfg = Debug|x64
		{61DF0A63-6700-4A08-8401-9F50E06B0DFA}.Debug|x64.Build.0 = Debug|x64
		{61DF0A63-6700-4A08-8401-9F50E06B0DFA}.Debug|x86.ActiveCfg = Debug|Win32
		{61DF0A63-6700-4A08-8401-9F50E06B0DFA}.Debug|x86.Build.0 = Debug|Win32
		{61DF0A63-6700-4A08-8401-9F50E06B0DFA}.Release|x64.ActiveCfg = Release|x64
		{61DF0A63-6700-4A08-8401-9F50E06B0DFA}.Release|x64.Build.0 = Release|x64
		{61DF0A63-6700-4A08-8401-9F50E06B0DFA}.Release|x86.ActiveCfg = Release|Win32
		{61DF0A63-6700-4A08-8401-9F50E06B0DFA}.Release|x86.Build.0 = Release|Win32
		{5D49FA7D-80B3-4DEC-8CA1-538295A8F173}.Debug|x64.ActiveCfg = Debug|x64
		{5D49FA7D-80B3-4DEC-8CA1-538295A8F173}.Debug|x64.Build.0 = Debug|x64
		{5D49FA7D-80B3-4DEC-8CA1-538295A8F173}.Debug|x86.ActiveCfg = Debug|Win32
		{5D49FA7D-80B3-4DEC-8CA1-538295A8F173}.Debug|x86.Build.0 = Debug|Win32
		{5D49FA7D-80B3-4DEC-8CA1-538295A8F173}.Release|x64.ActiveCfg = Release|x64
		{5D49FA7D-80B3-4DEC-8CA1-538295A8F173}.Release|x64.Build.0 = Release|x64
		{5D49FA7D-80B3-4DEC-8CA1-538295A8F173}.Release|x86.ActiveCfg = Release|Win32
		{5D49FA7D-80B3-4DEC-8CA1-538295A8F173}.Release|x86.Build.0 = Release|Win32
		{B5C1236A-A737-4475-852E-193D6CF94159}.Debug|x64.ActiveCfg = Debug|x64
		{B5C1236A-A737-4475-852E-193D6CF94159}.Debug|x64.Build.0 = Debug|x64
		{B5C1236A-A737-4475-852E-193D6CF94159}.Debug|x86.ActiveCfg = Debug|Win32
		{B5C1236A-A737-4475-852E-193D6CF94159}.Debug|x86.Build.0 = Debug|Win32
		{B5C1236A-A737-4475-852E-193D6CF94159}.Release|x64.ActiveCfg = Release|x64
		{B5C1236A-A737-4475-852E-193D6CF94159}.Release|x64.Build.0 = Release|x64
		{B5C1236A-A737-4475-852E-193D6CF94159}.Release|x86.ActiveCfg = Release|Win32
		{B5C1236A-A737-4475-852E-193D6CF94159}.Release|x86.Build.0 = Release|Win32
		{562A4F54-DB78-4767-B306-930A7BD0DB71}.Debug|x64.ActiveCfg = Debug|x64
		{562A4F54-DB78-4767-B306-930A7BD0DB71}.Debug|x64.Build.0 = Debug|x64
		{562A4F54-DB78-4767-B306-930A7BD0DB71}.Debug|x86.ActiveCfg = Debug|Win32
		{562A4F54-DB78-4767-B306-930A7BD0DB71}.Debug|x86.Build.0 = Debug|Win32
		{562A4F54-DB78-4767-B306-930A7BD0DB71}.Release|x64.ActiveCfg = Release|x64
		{562A4F54-DB78-4767-B306-930A7BD0DB71}.Release|x64.Build.0 = Release|x64
		{562A4F54-DB78-4767-B306-930A7BD0DB71}.Release|x86.ActiveCfg = Release|Win32
		{562A4F54-DB78-4767-B306-930A7BD0DB71}.Release|x86.Build.0 = Release|Win32
		{52F6CC7F-2EC4-4F7D-B5FE-A6D1F2E68E6F}.Debug|x64.ActiveCfg = Debug|x64
		{52F6CC7F-2EC4-4F7D-B5FE-A6D1F2E68E6F}.Debug|x64.Build.0 = Debug|x64
		{52F6CC7F-2EC4-4F7D-B5FE-A6D1F2E68E6F}.Debug|x86.ActiveCfg = Debug|Win32
		{52F6CC7F-2EC4-4F7D-B5FE-A6D1F2E68E6F}.Debug|x86.Build.0 = Debug|Win32
		{52F6CC7F-2EC4-4F7D-B5FE-A6D1F2E68E6F}.Release|x64.ActiveCfg = Release|x64
		{52F6CC7F-2EC4-4F7D-B5FE-A6D1F2E68E6F}.Release|x64.Build.0 = Release|x64
		{52F6CC7F-2EC4-4F7D-B5FE-A6D1F2E68E6F}.Release|x86.ActiveCfg = Release|Win32
		{52F6CC7F-2EC4-4F7D-B5FE-A6D1F2E68E6F}.Release|x86.Build.0 = Release|Win32
		{A2F996B3-1FBD-4E82-9492-CC000771477B}.Debug|x64.ActiveCfg = Debug|x64
		{A2F996B3-1FBD-4E82-9492-CC000771477B}.Debug|x64.Build.0 = Debug|x64
		{A2F996B3-1FBD-4E82-9492-CC000771477B}.Debug|x86.ActiveCfg = Debug|Win32
		{A2F996B3-1FBD-4E82-9492-CC000771477B}.Debug|x86.Build.0 = Debug|Win32
		{A2F996B3-1FBD-4E82-9492-CC000771477B}.Release|x64.ActiveCfg = Release|x64
		{A2F996B3-1FBD-4E82-9492-CC000771477B}.Release|x64.Build.0 = Release|x64
		{A2F996B3-1FBD-4E82-9492-CC000771477B}.Release|x86.ActiveCfg = Release|Win32
		{A2F996B3-1FBD-4E82-9492-CC000771477B}.Release|x86.Build.0 = Release|Win32
		{1CD308C1-317F-48B0-B3A7-BDD9135BB27A}.Debug|x64.ActiveCfg = Debug|x64
		{1CD308C1-317F-48B0-B3A7-BDD9135BB27A}.Debug|x64.Build.0 = Debug|x64
		{1CD308C1-317F-48B0-B3A7-BDD9135BB27A}.Debug|x86.ActiveCfg = Debug|Win32
		{1CD308C1-317F-48B0-B3A7-BDD9135BB27A}.Debug|x86.Build.0 = Debug|Win32
		{1CD308C1-317F-48B0-B3A7-BDD9135BB27A}.Release|x64.ActiveCfg = Release|x64
		{1CD308C1-317F-48B0-B3A7-BDD9135BB27A}.Release|x64.Build.0 = Release|x64
		{1CD308C1-317F-48B0-B3A7-BDD9135BB27A}.Release|x86.ActiveCfg = Release|Win32
		{1CD308C1-317F-48B0-B3A7-BDD9135BB27A}.Release|x86.Build.0 = Release|Win32
		{3EC18310-6248-48C4-9F8A-0E54A6FE3CD1}.Debug|x64.ActiveCfg = Debug|x64
		{3EC18310-6248-48C4-9F8A-0E54A6FE3CD1}.Debug|x64.Build.0 = Debug|x64
		{3EC18310-6248-48C4-9F8A-0E54A6FE3CD1}.Debug|x86.ActiveCfg = Debug|Win32
		{3EC18310-6248-48C4-9F8A-0E54A6FE3CD1}.Debug|x86.Build.0 = Debug|Win32
		{3EC18310-6248-48C4-9F8A-0E54A6FE3CD1}.Release|x64.ActiveCfg = Release|x64
		{3EC18310-6248-48C4-9F8A-0E54A6FE3CD1}.Release|x64.Build.0 = Release|x64
		{3EC18310-6248-48C4-9F8A-0E54A6FE3CD1}.Release|x86.ActiveCfg = Release|Win32
		{3EC18310-6248-48C4-9F8A-0E54A6FE3CD1}.Release|x86.Build.0 = Release|Win32
		{E7D8CC98-79DC-4C27-8DE8-A04D436096C7}.Debug|x64.ActiveCfg = Debug|x64
		{E7D8CC98-79DC-4C27-8DE8-A04D436096C7}.Debug|x64.Build.0 = Debug|x64
		{E7D8CC98-79DC-4C27-8DE8-A04D436096C7}.Debug|x86.ActiveCfg = Debug|Win32
		{E7D8CC98-79DC-4C27-8DE8-A04D436096C7}.Debug|x86.Build.0 = Debug|Win32
		{E7D8CC98-79DC-4C27-8DE8-A04D436096C7}.Release|x64.ActiveCfg = Release|x64
		{E7D8CC98-79DC-4C27-8DE8-A04D436096C7}.Release|x64.Build.0 = Release|x64
		{E7D8CC98-79DC-4C27-8DE8-A04D436096C7}.Release|x86.ActiveCfg = Release|Win32
		{E7D8CC98-79DC-4C27-8DE8-A04D436096C7}.Release|x86.Build.0 = Release|Win32
		{FFC6A913-14CC-4985-96E3-A7572C463333}.Debug|x64.ActiveCfg = Debug|x64
		{FFC6A913-14CC-4985-96E3-A7572C463333}.Debug|x64.Build.0 = Debug|x64
		{FFC6A913-14CC-4985-96E3-A7572C463333}.Debug|x86.ActiveCfg = Debug|Win32
		{FFC6A913-14CC-4985-96E3-A7572C463333}.Debug|x86.Build.0 = Debug|Win32
		{FFC6A913-14CC-4985-96E3-A7572C463333}.Release|x64.ActiveCfg = Release|x64
		{FFC6A913-14CC-4985-96E3-A7572C463333}.Release|x64.Build.0 = Release|x64
		{FFC6A913-14CC-4985-96E3-A7572C463333}.Release|x86.ActiveCfg = Release|Win32
		{FFC6A913-14CC-4985-96E3-A7572C463333}.Release|x86.Build.0 = Release|Win32
	EndGlobalSection
	GlobalSection(SolutionProperties) = preSolution
		HideSolutionNode = FALSE
	EndGlobalSection
	GlobalSection(ExtensibilityGlobals) = postSolution
		SolutionGuid = {A7CF150E-9E1F-4D46-A821-4AA95B521E42}
	EndGlobalSection
EndGlobal
