
Microsoft Visual Studio Solution File, Format Version 12.00
# Visual Studio Version 17
VisualStudioVersion = 17.5.33424.131
MinimumVisualStudioVersion = 10.0.40219.1
Project("{8BC9CEB8-8B4A-11D0-8D11-00A0C91BC942}") = "Project1", "Project1\Project1.vcxproj", "{30AE36B7-600F-48DC-9F8C-259EA3B0A8AB}"
EndProject
Project("{8BC9CEB8-8B4A-11D0-8D11-00A0C91BC942}") = "Training01", "Training01\Training01.vcxproj", "{9EC61695-1F35-4FE3-B062-F9694FB84496}"
EndProject
Project("{8BC9CEB8-8B4A-11D0-8D11-00A0C91BC942}") = "Training02", "Training02\Training02.vcxproj", "{63AEF3D2-9D6D-41D5-9746-62AF3A7F3C05}"
EndProject
Project("{8BC9CEB8-8B4A-11D0-8D11-00A0C91BC942}") = "Training03", "Training03\Training03.vcxproj", "{44E658B3-402A-488D-81DA-7D8E1AE0805A}"
EndProject
Project("{8BC9CEB8-8B4A-11D0-8D11-00A0C91BC942}") = "Training04", "Training04\Training04.vcxproj", "{054EBAF5-6B26-4EBA-9A01-73EBB910021E}"
EndProject
Project("{8BC9CEB8-8B4A-11D0-8D11-00A0C91BC942}") = "Training05", "Training05\Training05.vcxproj", "{3BD6EB52-172F-474D-8E77-98039C6A831B}"
EndProject
Project("{8BC9CEB8-8B4A-11D0-8D11-00A0C91BC942}") = "Training06", "Training06\Training06.vcxproj", "{C80E6504-4FE2-4B72-AA8E-D41587F82054}"
EndProject
Global
	GlobalSection(SolutionConfigurationPlatforms) = preSolution
		Debug|x64 = Debug|x64
		Debug|x86 = Debug|x86
		Release|x64 = Release|x64
		Release|x86 = Release|x86
	EndGlobalSection
	GlobalSection(ProjectConfigurationPlatforms) = postSolution
		{30AE36B7-600F-48DC-9F8C-259EA3B0A8AB}.Debug|x64.ActiveCfg = Debug|x64
		{30AE36B7-600F-48DC-9F8C-259EA3B0A8AB}.Debug|x64.Build.0 = Debug|x64
		{30AE36B7-600F-48DC-9F8C-259EA3B0A8AB}.Debug|x86.ActiveCfg = Debug|Win32
		{30AE36B7-600F-48DC-9F8C-259EA3B0A8AB}.Debug|x86.Build.0 = Debug|Win32
		{30AE36B7-600F-48DC-9F8C-259EA3B0A8AB}.Release|x64.ActiveCfg = Release|x64
		{30AE36B7-600F-48DC-9F8C-259EA3B0A8AB}.Release|x64.Build.0 = Release|x64
		{30AE36B7-600F-48DC-9F8C-259EA3B0A8AB}.Release|x86.ActiveCfg = Release|Win32
		{30AE36B7-600F-48DC-9F8C-259EA3B0A8AB}.Release|x86.Build.0 = Release|Win32
		{9EC61695-1F35-4FE3-B062-F9694FB84496}.Debug|x64.ActiveCfg = Debug|x64
		{9EC61695-1F35-4FE3-B062-F9694FB84496}.Debug|x64.Build.0 = Debug|x64
		{9EC61695-1F35-4FE3-B062-F9694FB84496}.Debug|x86.ActiveCfg = Debug|Win32
		{9EC61695-1F35-4FE3-B062-F9694FB84496}.Debug|x86.Build.0 = Debug|Win32
		{9EC61695-1F35-4FE3-B062-F9694FB84496}.Release|x64.ActiveCfg = Release|x64
		{9EC61695-1F35-4FE3-B062-F9694FB84496}.Release|x64.Build.0 = Release|x64
		{9EC61695-1F35-4FE3-B062-F9694FB84496}.Release|x86.ActiveCfg = Release|Win32
		{9EC61695-1F35-4FE3-B062-F9694FB84496}.Release|x86.Build.0 = Release|Win32
		{63AEF3D2-9D6D-41D5-9746-62AF3A7F3C05}.Debug|x64.ActiveCfg = Debug|x64
		{63AEF3D2-9D6D-41D5-9746-62AF3A7F3C05}.Debug|x64.Build.0 = Debug|x64
		{63AEF3D2-9D6D-41D5-9746-62AF3A7F3C05}.Debug|x86.ActiveCfg = Debug|Win32
		{63AEF3D2-9D6D-41D5-9746-62AF3A7F3C05}.Debug|x86.Build.0 = Debug|Win32
		{63AEF3D2-9D6D-41D5-9746-62AF3A7F3C05}.Release|x64.ActiveCfg = Release|x64
		{63AEF3D2-9D6D-41D5-9746-62AF3A7F3C05}.Release|x64.Build.0 = Release|x64
		{63AEF3D2-9D6D-41D5-9746-62AF3A7F3C05}.Release|x86.ActiveCfg = Release|Win32
		{63AEF3D2-9D6D-41D5-9746-62AF3A7F3C05}.Release|x86.Build.0 = Release|Win32
		{44E658B3-402A-488D-81DA-7D8E1AE0805A}.Debug|x64.ActiveCfg = Debug|x64
		{44E658B3-402A-488D-81DA-7D8E1AE0805A}.Debug|x64.Build.0 = Debug|x64
		{44E658B3-402A-488D-81DA-7D8E1AE0805A}.Debug|x86.ActiveCfg = Debug|Win32
		{44E658B3-402A-488D-81DA-7D8E1AE0805A}.Debug|x86.Build.0 = Debug|Win32
		{44E658B3-402A-488D-81DA-7D8E1AE0805A}.Release|x64.ActiveCfg = Release|x64
		{44E658B3-402A-488D-81DA-7D8E1AE0805A}.Release|x64.Build.0 = Release|x64
		{44E658B3-402A-488D-81DA-7D8E1AE0805A}.Release|x86.ActiveCfg = Release|Win32
		{44E658B3-402A-488D-81DA-7D8E1AE0805A}.Release|x86.Build.0 = Release|Win32
		{054EBAF5-6B26-4EBA-9A01-73EBB910021E}.Debug|x64.ActiveCfg = Debug|x64
		{054EBAF5-6B26-4EBA-9A01-73EBB910021E}.Debug|x64.Build.0 = Debug|x64
		{054EBAF5-6B26-4EBA-9A01-73EBB910021E}.Debug|x86.ActiveCfg = Debug|Win32
		{054EBAF5-6B26-4EBA-9A01-73EBB910021E}.Debug|x86.Build.0 = Debug|Win32
		{054EBAF5-6B26-4EBA-9A01-73EBB910021E}.Release|x64.ActiveCfg = Release|x64
		{054EBAF5-6B26-4EBA-9A01-73EBB910021E}.Release|x64.Build.0 = Release|x64
		{054EBAF5-6B26-4EBA-9A01-73EBB910021E}.Release|x86.ActiveCfg = Release|Win32
		{054EBAF5-6B26-4EBA-9A01-73EBB910021E}.Release|x86.Build.0 = Release|Win32
		{3BD6EB52-172F-474D-8E77-98039C6A831B}.Debug|x64.ActiveCfg = Debug|x64
		{3BD6EB52-172F-474D-8E77-98039C6A831B}.Debug|x64.Build.0 = Debug|x64
		{3BD6EB52-172F-474D-8E77-98039C6A831B}.Debug|x86.ActiveCfg = Debug|Win32
		{3BD6EB52-172F-474D-8E77-98039C6A831B}.Debug|x86.Build.0 = Debug|Win32
		{3BD6EB52-172F-474D-8E77-98039C6A831B}.Release|x64.ActiveCfg = Release|x64
		{3BD6EB52-172F-474D-8E77-98039C6A831B}.Release|x64.Build.0 = Release|x64
		{3BD6EB52-172F-474D-8E77-98039C6A831B}.Release|x86.ActiveCfg = Release|Win32
		{3BD6EB52-172F-474D-8E77-98039C6A831B}.Release|x86.Build.0 = Release|Win32
		{C80E6504-4FE2-4B72-AA8E-D41587F82054}.Debug|x64.ActiveCfg = Debug|x64
		{C80E6504-4FE2-4B72-AA8E-D41587F82054}.Debug|x64.Build.0 = Debug|x64
		{C80E6504-4FE2-4B72-AA8E-D41587F82054}.Debug|x86.ActiveCfg = Debug|Win32
		{C80E6504-4FE2-4B72-AA8E-D41587F82054}.Debug|x86.Build.0 = Debug|Win32
		{C80E6504-4FE2-4B72-AA8E-D41587F82054}.Release|x64.ActiveCfg = Release|x64
		{C80E6504-4FE2-4B72-AA8E-D41587F82054}.Release|x64.Build.0 = Release|x64
		{C80E6504-4FE2-4B72-AA8E-D41587F82054}.Release|x86.ActiveCfg = Release|Win32
		{C80E6504-4FE2-4B72-AA8E-D41587F82054}.Release|x86.Build.0 = Release|Win32
	EndGlobalSection
	GlobalSection(SolutionProperties) = preSolution
		HideSolutionNode = FALSE
	EndGlobalSection
	GlobalSection(ExtensibilityGlobals) = postSolution
		SolutionGuid = {A7CF150E-9E1F-4D46-A821-4AA95B521E42}
	EndGlobalSection
EndGlobal
